
Microsoft Visual Studio Solution File, Format Version 12.00
# Visual Studio Version 17
VisualStudioVersion = 17.0.31919.166
MinimumVisualStudioVersion = 10.0.40219.1
Project("{FAE04EC0-301F-11D3-BF4B-00C04F79EFBC}") = "PriceTracker", "PriceTracker\PriceTracker.csproj", "{DE5B3B42-026E-48D3-995F-56C82B419D3B}"
EndProject
Global
	GlobalSection(SolutionConfigurationPlatforms) = preSolution
		Debug|Any CPU = Debug|Any CPU
		Release|Any CPU = Release|Any CPU
	EndGlobalSection
	GlobalSection(ProjectConfigurationPlatforms) = postSolution
		{DE5B3B42-026E-48D3-995F-56C82B419D3B}.Debug|Any CPU.ActiveCfg = Debug|Any CPU
		{DE5B3B42-026E-48D3-995F-56C82B419D3B}.Debug|Any CPU.Build.0 = Debug|Any CPU
		{DE5B3B42-026E-48D3-995F-56C82B419D3B}.Release|Any CPU.ActiveCfg = Release|Any CPU
		{DE5B3B42-026E-48D3-995F-56C82B419D3B}.Release|Any CPU.Build.0 = Release|Any CPU
	EndGlobalSection
	GlobalSection(SolutionProperties) = preSolution
		HideSolutionNode = FALSE
	EndGlobalSection
	GlobalSection(ExtensibilityGlobals) = postSolution
		SolutionGuid = {30B288E8-9245-4CA6-B9C8-3411E262F608}
	EndGlobalSection
EndGlobal
